
Microsoft Visual Studio Solution File, Format Version 12.00
# Visual Studio Version 17
VisualStudioVersion = 17.5.33516.290
MinimumVisualStudioVersion = 10.0.40219.1
Project("{FAE04EC0-301F-11D3-BF4B-00C04F79EFBC}") = "EnovaPracownikExtender", "EnovaPracownikExtender\EnovaPracownikExtender.csproj", "{6799109B-B4F5-4E96-B53C-F39CE660E253}"
EndProject
Project("{2150E333-8FDC-42A3-9474-1A3956D46DE8}") = "Solution Items", "Solution Items", "{2EB78087-322D-4599-BF16-4538924F9BA3}"
	ProjectSection(SolutionItems) = preProject
		Directory.Build.props = Directory.Build.props
		global.json = global.json
	EndProjectSection
EndProject
Global
	GlobalSection(SolutionConfigurationPlatforms) = preSolution
		Debug|Any CPU = Debug|Any CPU
		Release|Any CPU = Release|Any CPU
	EndGlobalSection
	GlobalSection(ProjectConfigurationPlatforms) = postSolution
		{6799109B-B4F5-4E96-B53C-F39CE660E253}.Debug|Any CPU.ActiveCfg = Debug|Any CPU
		{6799109B-B4F5-4E96-B53C-F39CE660E253}.Debug|Any CPU.Build.0 = Debug|Any CPU
		{6799109B-B4F5-4E96-B53C-F39CE660E253}.Release|Any CPU.ActiveCfg = Release|Any CPU
		{6799109B-B4F5-4E96-B53C-F39CE660E253}.Release|Any CPU.Build.0 = Release|Any CPU
	EndGlobalSection
	GlobalSection(SolutionProperties) = preSolution
		HideSolutionNode = FALSE
	EndGlobalSection
	GlobalSection(ExtensibilityGlobals) = postSolution
		SolutionGuid = {4BCFE159-2E8C-4B00-A8AA-F8A8FA65D9A6}
	EndGlobalSection
EndGlobal
